
Microsoft Visual Studio Solution File, Format Version 12.00
# Visual Studio 14
VisualStudioVersion = 14.0.25420.1
MinimumVisualStudioVersion = 10.0.40219.1
Project("{2150E333-8FDC-42A3-9474-1A3956D46DE8}") = "src", "src", "{BF603B23-A172-45E2-A8D7-59EA7D0459FF}"
EndProject
Project("{2150E333-8FDC-42A3-9474-1A3956D46DE8}") = "Solution Items", "Solution Items", "{D7A258A8-881A-47A1-AC79-F83FA65FF2C0}"
	ProjectSection(SolutionItems) = preProject
		global.json = global.json
	EndProjectSection
EndProject
Project("{8BB2217D-0F2D-49D1-97BC-3654ED321F3B}") = "Sol.WebAPI", "src\Sol.WebAPI\Sol.WebAPI.xproj", "{1499B365-BFA0-487A-B466-D4C301DCD2E4}"
EndProject
Project("{8BB2217D-0F2D-49D1-97BC-3654ED321F3B}") = "Sol.Entities", "src\Sol.Entities\Sol.Entities.xproj", "{13B78D32-4F83-4461-AC8B-FBFBA218DE19}"
EndProject
Project("{8BB2217D-0F2D-49D1-97BC-3654ED321F3B}") = "Sol.DTO", "src\Sol.DTO\Sol.DTO.xproj", "{21030907-688E-433C-BDC9-871497560580}"
EndProject
Project("{8BB2217D-0F2D-49D1-97BC-3654ED321F3B}") = "Mvc.Ext", "src\Mvc.Ext\Mvc.Ext.xproj", "{35FD0524-0B94-4E32-A19B-A331C1E40690}"
EndProject
Project("{8BB2217D-0F2D-49D1-97BC-3654ED321F3B}") = "Sol.Common", "src\Sol.Common\Sol.Common.xproj", "{EC662354-4B97-46C6-BF61-5DA045EE9786}"
EndProject
Project("{00D1A9C2-B5F0-4AF3-8072-F6C62B433612}") = "Sol", "Sol\Sol.sqlproj", "{CDFEF73E-7C9F-4AE6-8B63-E8B7D5D59E9D}"
EndProject
Project("{8BB2217D-0F2D-49D1-97BC-3654ED321F3B}") = "Sol.RelationalDb", "src\Sol.RelationalDb\Sol.RelationalDb.xproj", "{7BC5DF46-A9C2-4DA0-A6AF-56067621BF43}"
EndProject
Project("{8BB2217D-0F2D-49D1-97BC-3654ED321F3B}") = "Sol.RelationalDb.Composition", "src\Sol.RelationalDb.Composition\Sol.RelationalDb.Composition.xproj", "{BB10B25E-090E-49A9-BED4-56D1B7EA724D}"
EndProject
Project("{8BB2217D-0F2D-49D1-97BC-3654ED321F3B}") = "Sol.Services.Interfaces", "src\Sol.Services.Interfaces\Sol.Services.Interfaces.xproj", "{BF5D9F90-6D9E-403C-87FF-D9D132A90CE5}"
EndProject
Project("{8BB2217D-0F2D-49D1-97BC-3654ED321F3B}") = "Sol.Services.Abstractions", "src\Sol.Services.Abstractions\Sol.Services.Abstractions.xproj", "{57B3541D-0F03-4675-A416-9CBA1AC4500E}"
EndProject
Project("{8BB2217D-0F2D-49D1-97BC-3654ED321F3B}") = "Sol.Services", "src\Sol.Services\Sol.Services.xproj", "{F06F56F4-1E8E-4E3B-A9A4-7259D1803F82}"
EndProject
Project("{8BB2217D-0F2D-49D1-97BC-3654ED321F3B}") = "Sol.Services.Containers", "src\Sol.Services.Containers\Sol.Services.Containers.xproj", "{5DEEBB57-CA3C-4443-9131-AF5C1EC18232}"
EndProject
Project("{8BB2217D-0F2D-49D1-97BC-3654ED321F3B}") = "Sol.AMQP.Abstractions", "src\Sol.AMQP.Abstractions\Sol.AMQP.Abstractions.xproj", "{C065530A-712E-428E-88E3-719EB6FEEDD0}"
EndProject
Global
	GlobalSection(SolutionConfigurationPlatforms) = preSolution
		Debug|Any CPU = Debug|Any CPU
		Release|Any CPU = Release|Any CPU
	EndGlobalSection
	GlobalSection(ProjectConfigurationPlatforms) = postSolution
		{1499B365-BFA0-487A-B466-D4C301DCD2E4}.Debug|Any CPU.ActiveCfg = Debug|Any CPU
		{1499B365-BFA0-487A-B466-D4C301DCD2E4}.Debug|Any CPU.Build.0 = Debug|Any CPU
		{1499B365-BFA0-487A-B466-D4C301DCD2E4}.Release|Any CPU.ActiveCfg = Release|Any CPU
		{1499B365-BFA0-487A-B466-D4C301DCD2E4}.Release|Any CPU.Build.0 = Release|Any CPU
		{13B78D32-4F83-4461-AC8B-FBFBA218DE19}.Debug|Any CPU.ActiveCfg = Debug|Any CPU
		{13B78D32-4F83-4461-AC8B-FBFBA218DE19}.Debug|Any CPU.Build.0 = Debug|Any CPU
		{13B78D32-4F83-4461-AC8B-FBFBA218DE19}.Release|Any CPU.ActiveCfg = Release|Any CPU
		{13B78D32-4F83-4461-AC8B-FBFBA218DE19}.Release|Any CPU.Build.0 = Release|Any CPU
		{21030907-688E-433C-BDC9-871497560580}.Debug|Any CPU.ActiveCfg = Debug|Any CPU
		{21030907-688E-433C-BDC9-871497560580}.Debug|Any CPU.Build.0 = Debug|Any CPU
		{21030907-688E-433C-BDC9-871497560580}.Release|Any CPU.ActiveCfg = Release|Any CPU
		{21030907-688E-433C-BDC9-871497560580}.Release|Any CPU.Build.0 = Release|Any CPU
		{35FD0524-0B94-4E32-A19B-A331C1E40690}.Debug|Any CPU.ActiveCfg = Debug|Any CPU
		{35FD0524-0B94-4E32-A19B-A331C1E40690}.Debug|Any CPU.Build.0 = Debug|Any CPU
		{35FD0524-0B94-4E32-A19B-A331C1E40690}.Release|Any CPU.ActiveCfg = Release|Any CPU
		{35FD0524-0B94-4E32-A19B-A331C1E40690}.Release|Any CPU.Build.0 = Release|Any CPU
		{EC662354-4B97-46C6-BF61-5DA045EE9786}.Debug|Any CPU.ActiveCfg = Debug|Any CPU
		{EC662354-4B97-46C6-BF61-5DA045EE9786}.Debug|Any CPU.Build.0 = Debug|Any CPU
		{EC662354-4B97-46C6-BF61-5DA045EE9786}.Release|Any CPU.ActiveCfg = Release|Any CPU
		{EC662354-4B97-46C6-BF61-5DA045EE9786}.Release|Any CPU.Build.0 = Release|Any CPU
		{CDFEF73E-7C9F-4AE6-8B63-E8B7D5D59E9D}.Debug|Any CPU.ActiveCfg = Debug|Any CPU
		{CDFEF73E-7C9F-4AE6-8B63-E8B7D5D59E9D}.Debug|Any CPU.Build.0 = Debug|Any CPU
		{CDFEF73E-7C9F-4AE6-8B63-E8B7D5D59E9D}.Debug|Any CPU.Deploy.0 = Debug|Any CPU
		{CDFEF73E-7C9F-4AE6-8B63-E8B7D5D59E9D}.Release|Any CPU.ActiveCfg = Release|Any CPU
		{CDFEF73E-7C9F-4AE6-8B63-E8B7D5D59E9D}.Release|Any CPU.Build.0 = Release|Any CPU
		{CDFEF73E-7C9F-4AE6-8B63-E8B7D5D59E9D}.Release|Any CPU.Deploy.0 = Release|Any CPU
		{7BC5DF46-A9C2-4DA0-A6AF-56067621BF43}.Debug|Any CPU.ActiveCfg = Debug|Any CPU
		{7BC5DF46-A9C2-4DA0-A6AF-56067621BF43}.Debug|Any CPU.Build.0 = Debug|Any CPU
		{7BC5DF46-A9C2-4DA0-A6AF-56067621BF43}.Release|Any CPU.ActiveCfg = Release|Any CPU
		{7BC5DF46-A9C2-4DA0-A6AF-56067621BF43}.Release|Any CPU.Build.0 = Release|Any CPU
		{BB10B25E-090E-49A9-BED4-56D1B7EA724D}.Debug|Any CPU.ActiveCfg = Debug|Any CPU
		{BB10B25E-090E-49A9-BED4-56D1B7EA724D}.Debug|Any CPU.Build.0 = Debug|Any CPU
		{BB10B25E-090E-49A9-BED4-56D1B7EA724D}.Release|Any CPU.ActiveCfg = Release|Any CPU
		{BB10B25E-090E-49A9-BED4-56D1B7EA724D}.Release|Any CPU.Build.0 = Release|Any CPU
		{BF5D9F90-6D9E-403C-87FF-D9D132A90CE5}.Debug|Any CPU.ActiveCfg = Debug|Any CPU
		{BF5D9F90-6D9E-403C-87FF-D9D132A90CE5}.Debug|Any CPU.Build.0 = Debug|Any CPU
		{BF5D9F90-6D9E-403C-87FF-D9D132A90CE5}.Release|Any CPU.ActiveCfg = Release|Any CPU
		{BF5D9F90-6D9E-403C-87FF-D9D132A90CE5}.Release|Any CPU.Build.0 = Release|Any CPU
		{57B3541D-0F03-4675-A416-9CBA1AC4500E}.Debug|Any CPU.ActiveCfg = Debug|Any CPU
		{57B3541D-0F03-4675-A416-9CBA1AC4500E}.Debug|Any CPU.Build.0 = Debug|Any CPU
		{57B3541D-0F03-4675-A416-9CBA1AC4500E}.Release|Any CPU.ActiveCfg = Release|Any CPU
		{57B3541D-0F03-4675-A416-9CBA1AC4500E}.Release|Any CPU.Build.0 = Release|Any CPU
		{F06F56F4-1E8E-4E3B-A9A4-7259D1803F82}.Debug|Any CPU.ActiveCfg = Debug|Any CPU
		{F06F56F4-1E8E-4E3B-A9A4-7259D1803F82}.Debug|Any CPU.Build.0 = Debug|Any CPU
		{F06F56F4-1E8E-4E3B-A9A4-7259D1803F82}.Release|Any CPU.ActiveCfg = Release|Any CPU
		{F06F56F4-1E8E-4E3B-A9A4-7259D1803F82}.Release|Any CPU.Build.0 = Release|Any CPU
		{5DEEBB57-CA3C-4443-9131-AF5C1EC18232}.Debug|Any CPU.ActiveCfg = Debug|Any CPU
		{5DEEBB57-CA3C-4443-9131-AF5C1EC18232}.Debug|Any CPU.Build.0 = Debug|Any CPU
		{5DEEBB57-CA3C-4443-9131-AF5C1EC18232}.Release|Any CPU.ActiveCfg = Release|Any CPU
		{5DEEBB57-CA3C-4443-9131-AF5C1EC18232}.Release|Any CPU.Build.0 = Release|Any CPU
		{C065530A-712E-428E-88E3-719EB6FEEDD0}.Debug|Any CPU.ActiveCfg = Debug|Any CPU
		{C065530A-712E-428E-88E3-719EB6FEEDD0}.Debug|Any CPU.Build.0 = Debug|Any CPU
		{C065530A-712E-428E-88E3-719EB6FEEDD0}.Release|Any CPU.ActiveCfg = Release|Any CPU
		{C065530A-712E-428E-88E3-719EB6FEEDD0}.Release|Any CPU.Build.0 = Release|Any CPU
	EndGlobalSection
	GlobalSection(SolutionProperties) = preSolution
		HideSolutionNode = FALSE
	EndGlobalSection
	GlobalSection(NestedProjects) = preSolution
		{1499B365-BFA0-487A-B466-D4C301DCD2E4} = {BF603B23-A172-45E2-A8D7-59EA7D0459FF}
		{13B78D32-4F83-4461-AC8B-FBFBA218DE19} = {BF603B23-A172-45E2-A8D7-59EA7D0459FF}
		{21030907-688E-433C-BDC9-871497560580} = {BF603B23-A172-45E2-A8D7-59EA7D0459FF}
		{35FD0524-0B94-4E32-A19B-A331C1E40690} = {BF603B23-A172-45E2-A8D7-59EA7D0459FF}
		{EC662354-4B97-46C6-BF61-5DA045EE9786} = {BF603B23-A172-45E2-A8D7-59EA7D0459FF}
		{7BC5DF46-A9C2-4DA0-A6AF-56067621BF43} = {BF603B23-A172-45E2-A8D7-59EA7D0459FF}
		{BB10B25E-090E-49A9-BED4-56D1B7EA724D} = {BF603B23-A172-45E2-A8D7-59EA7D0459FF}
		{BF5D9F90-6D9E-403C-87FF-D9D132A90CE5} = {BF603B23-A172-45E2-A8D7-59EA7D0459FF}
		{57B3541D-0F03-4675-A416-9CBA1AC4500E} = {BF603B23-A172-45E2-A8D7-59EA7D0459FF}
		{F06F56F4-1E8E-4E3B-A9A4-7259D1803F82} = {BF603B23-A172-45E2-A8D7-59EA7D0459FF}
		{5DEEBB57-CA3C-4443-9131-AF5C1EC18232} = {BF603B23-A172-45E2-A8D7-59EA7D0459FF}
		{C065530A-712E-428E-88E3-719EB6FEEDD0} = {BF603B23-A172-45E2-A8D7-59EA7D0459FF}
	EndGlobalSection
EndGlobal
